
Microsoft Visual Studio Solution File, Format Version 12.00
# Visual Studio Version 16
VisualStudioVersion = 16.0.29911.84
MinimumVisualStudioVersion = 10.0.40219.1
Project("{FAE04EC0-301F-11D3-BF4B-00C04F79EFBC}") = "DynamicDialogue", "DynamicDialogue\DynamicDialogue.csproj", "{42FF59FD-4236-4FE2-A639-AE9D21B7CD90}"
EndProject
Project("{FAE04EC0-301F-11D3-BF4B-00C04F79EFBC}") = "DynamicDialogueTest", "DynamicDialogueTest\DynamicDialogueTest.csproj", "{71D036D7-5C94-43D9-891B-9A403AE69912}"
EndProject
Global
	GlobalSection(SolutionConfigurationPlatforms) = preSolution
		Debug|Any CPU = Debug|Any CPU
		Release|Any CPU = Release|Any CPU
	EndGlobalSection
	GlobalSection(ProjectConfigurationPlatforms) = postSolution
		{42FF59FD-4236-4FE2-A639-AE9D21B7CD90}.Debug|Any CPU.ActiveCfg = Debug|Any CPU
		{42FF59FD-4236-4FE2-A639-AE9D21B7CD90}.Debug|Any CPU.Build.0 = Debug|Any CPU
		{42FF59FD-4236-4FE2-A639-AE9D21B7CD90}.Release|Any CPU.ActiveCfg = Release|Any CPU
		{42FF59FD-4236-4FE2-A639-AE9D21B7CD90}.Release|Any CPU.Build.0 = Release|Any CPU
		{71D036D7-5C94-43D9-891B-9A403AE69912}.Debug|Any CPU.ActiveCfg = Debug|Any CPU
		{71D036D7-5C94-43D9-891B-9A403AE69912}.Debug|Any CPU.Build.0 = Debug|Any CPU
		{71D036D7-5C94-43D9-891B-9A403AE69912}.Release|Any CPU.ActiveCfg = Release|Any CPU
		{71D036D7-5C94-43D9-891B-9A403AE69912}.Release|Any CPU.Build.0 = Release|Any CPU
	EndGlobalSection
	GlobalSection(SolutionProperties) = preSolution
		HideSolutionNode = FALSE
	EndGlobalSection
	GlobalSection(ExtensibilityGlobals) = postSolution
		SolutionGuid = {7FD37E48-BE38-4B29-9E82-0F0245E229AE}
	EndGlobalSection
EndGlobal
